
Microsoft Visual Studio Solution File, Format Version 12.00
# Visual Studio Version 16
VisualStudioVersion = 16.0.31019.35
MinimumVisualStudioVersion = 10.0.40219.1
Project("{FAE04EC0-301F-11D3-BF4B-00C04F79EFBC}") = "SOLID", "SOLID.csproj", "{01B3B81F-E7E4-45D6-8280-2FCCD2439D0F}"
EndProject
Global
	GlobalSection(SolutionConfigurationPlatforms) = preSolution
		Debug|Any CPU = Debug|Any CPU
		Release|Any CPU = Release|Any CPU
	EndGlobalSection
	GlobalSection(ProjectConfigurationPlatforms) = postSolution
		{01B3B81F-E7E4-45D6-8280-2FCCD2439D0F}.Debug|Any CPU.ActiveCfg = Debug|Any CPU
		{01B3B81F-E7E4-45D6-8280-2FCCD2439D0F}.Debug|Any CPU.Build.0 = Debug|Any CPU
		{01B3B81F-E7E4-45D6-8280-2FCCD2439D0F}.Release|Any CPU.ActiveCfg = Release|Any CPU
		{01B3B81F-E7E4-45D6-8280-2FCCD2439D0F}.Release|Any CPU.Build.0 = Release|Any CPU
	EndGlobalSection
	GlobalSection(SolutionProperties) = preSolution
		HideSolutionNode = FALSE
	EndGlobalSection
	GlobalSection(ExtensibilityGlobals) = postSolution
		SolutionGuid = {FECC5550-D958-4FA7-ACCF-06EC565D41CA}
	EndGlobalSection
EndGlobal
