
Microsoft Visual Studio Solution File, Format Version 12.00
# Visual Studio Version 16
VisualStudioVersion = 16.0.31019.35
MinimumVisualStudioVersion = 10.0.40219.1
Project("{9A19103F-16F7-4668-BE54-9A1E7A4F7556}") = "PersonInfo", "PersonInfo\PersonInfo.csproj", "{9E9BFC92-FC64-49A0-B3E0-2C54406368EA}"
EndProject
Project("{FAE04EC0-301F-11D3-BF4B-00C04F79EFBC}") = "Telephony", "Telephony\Telephony.csproj", "{68825FBA-4694-45DA-8D1D-652A1780DAAE}"
EndProject
Global
	GlobalSection(SolutionConfigurationPlatforms) = preSolution
		Debug|Any CPU = Debug|Any CPU
		Release|Any CPU = Release|Any CPU
	EndGlobalSection
	GlobalSection(ProjectConfigurationPlatforms) = postSolution
		{9E9BFC92-FC64-49A0-B3E0-2C54406368EA}.Debug|Any CPU.ActiveCfg = Debug|Any CPU
		{9E9BFC92-FC64-49A0-B3E0-2C54406368EA}.Debug|Any CPU.Build.0 = Debug|Any CPU
		{9E9BFC92-FC64-49A0-B3E0-2C54406368EA}.Release|Any CPU.ActiveCfg = Release|Any CPU
		{9E9BFC92-FC64-49A0-B3E0-2C54406368EA}.Release|Any CPU.Build.0 = Release|Any CPU
		{68825FBA-4694-45DA-8D1D-652A1780DAAE}.Debug|Any CPU.ActiveCfg = Debug|Any CPU
		{68825FBA-4694-45DA-8D1D-652A1780DAAE}.Debug|Any CPU.Build.0 = Debug|Any CPU
		{68825FBA-4694-45DA-8D1D-652A1780DAAE}.Release|Any CPU.ActiveCfg = Release|Any CPU
		{68825FBA-4694-45DA-8D1D-652A1780DAAE}.Release|Any CPU.Build.0 = Release|Any CPU
	EndGlobalSection
	GlobalSection(SolutionProperties) = preSolution
		HideSolutionNode = FALSE
	EndGlobalSection
	GlobalSection(ExtensibilityGlobals) = postSolution
		SolutionGuid = {8EA8AA2A-7926-495A-AA2C-5FB2F2A8D631}
	EndGlobalSection
EndGlobal
